
Microsoft Visual Studio Solution File, Format Version 12.00
# Visual Studio Version 16
VisualStudioVersion = 16.0.809.4
MinimumVisualStudioVersion = 10.0.40219.1
Project("{FAE04EC0-301F-11D3-BF4B-00C04F79EFBC}") = "TravelRecord.Android", "TravelRecord.Android\TravelRecord.Android.csproj", "{F785E713-1B11-4D27-9575-10584C0CFEFA}"
EndProject
Project("{FAE04EC0-301F-11D3-BF4B-00C04F79EFBC}") = "TravelRecord.iOS", "TravelRecord.iOS\TravelRecord.iOS.csproj", "{9016B26D-5D08-4A57-A7B9-E20D007FB1DA}"
EndProject
Project("{FAE04EC0-301F-11D3-BF4B-00C04F79EFBC}") = "TravelRecord", "TravelRecord\TravelRecord.csproj", "{DC119A1D-161F-439E-9E7B-40CF0D3741B7}"
EndProject
Global
	GlobalSection(SolutionConfigurationPlatforms) = preSolution
		Debug|Any CPU = Debug|Any CPU
		Release|Any CPU = Release|Any CPU
		Debug|iPhoneSimulator = Debug|iPhoneSimulator
		Release|iPhoneSimulator = Release|iPhoneSimulator
		Debug|iPhone = Debug|iPhone
		Release|iPhone = Release|iPhone
	EndGlobalSection
	GlobalSection(ProjectConfigurationPlatforms) = postSolution
		{F785E713-1B11-4D27-9575-10584C0CFEFA}.Debug|Any CPU.ActiveCfg = Debug|Any CPU
		{F785E713-1B11-4D27-9575-10584C0CFEFA}.Debug|Any CPU.Build.0 = Debug|Any CPU
		{F785E713-1B11-4D27-9575-10584C0CFEFA}.Release|Any CPU.ActiveCfg = Release|Any CPU
		{F785E713-1B11-4D27-9575-10584C0CFEFA}.Release|Any CPU.Build.0 = Release|Any CPU
		{F785E713-1B11-4D27-9575-10584C0CFEFA}.Debug|iPhoneSimulator.ActiveCfg = Debug|Any CPU
		{F785E713-1B11-4D27-9575-10584C0CFEFA}.Debug|iPhoneSimulator.Build.0 = Debug|Any CPU
		{F785E713-1B11-4D27-9575-10584C0CFEFA}.Release|iPhoneSimulator.ActiveCfg = Release|Any CPU
		{F785E713-1B11-4D27-9575-10584C0CFEFA}.Release|iPhoneSimulator.Build.0 = Release|Any CPU
		{F785E713-1B11-4D27-9575-10584C0CFEFA}.Debug|iPhone.ActiveCfg = Debug|Any CPU
		{F785E713-1B11-4D27-9575-10584C0CFEFA}.Debug|iPhone.Build.0 = Debug|Any CPU
		{F785E713-1B11-4D27-9575-10584C0CFEFA}.Release|iPhone.ActiveCfg = Release|Any CPU
		{F785E713-1B11-4D27-9575-10584C0CFEFA}.Release|iPhone.Build.0 = Release|Any CPU
		{9016B26D-5D08-4A57-A7B9-E20D007FB1DA}.Debug|Any CPU.ActiveCfg = Debug|iPhoneSimulator
		{9016B26D-5D08-4A57-A7B9-E20D007FB1DA}.Debug|Any CPU.Build.0 = Debug|iPhoneSimulator
		{9016B26D-5D08-4A57-A7B9-E20D007FB1DA}.Release|Any CPU.ActiveCfg = Release|iPhoneSimulator
		{9016B26D-5D08-4A57-A7B9-E20D007FB1DA}.Release|Any CPU.Build.0 = Release|iPhoneSimulator
		{9016B26D-5D08-4A57-A7B9-E20D007FB1DA}.Debug|iPhoneSimulator.ActiveCfg = Debug|iPhoneSimulator
		{9016B26D-5D08-4A57-A7B9-E20D007FB1DA}.Debug|iPhoneSimulator.Build.0 = Debug|iPhoneSimulator
		{9016B26D-5D08-4A57-A7B9-E20D007FB1DA}.Release|iPhoneSimulator.ActiveCfg = Release|iPhoneSimulator
		{9016B26D-5D08-4A57-A7B9-E20D007FB1DA}.Release|iPhoneSimulator.Build.0 = Release|iPhoneSimulator
		{9016B26D-5D08-4A57-A7B9-E20D007FB1DA}.Debug|iPhone.ActiveCfg = Debug|iPhone
		{9016B26D-5D08-4A57-A7B9-E20D007FB1DA}.Debug|iPhone.Build.0 = Debug|iPhone
		{9016B26D-5D08-4A57-A7B9-E20D007FB1DA}.Release|iPhone.ActiveCfg = Release|iPhone
		{9016B26D-5D08-4A57-A7B9-E20D007FB1DA}.Release|iPhone.Build.0 = Release|iPhone
		{DC119A1D-161F-439E-9E7B-40CF0D3741B7}.Debug|Any CPU.ActiveCfg = Debug|Any CPU
		{DC119A1D-161F-439E-9E7B-40CF0D3741B7}.Debug|Any CPU.Build.0 = Debug|Any CPU
		{DC119A1D-161F-439E-9E7B-40CF0D3741B7}.Release|Any CPU.ActiveCfg = Release|Any CPU
		{DC119A1D-161F-439E-9E7B-40CF0D3741B7}.Release|Any CPU.Build.0 = Release|Any CPU
		{DC119A1D-161F-439E-9E7B-40CF0D3741B7}.Debug|iPhoneSimulator.ActiveCfg = Debug|Any CPU
		{DC119A1D-161F-439E-9E7B-40CF0D3741B7}.Debug|iPhoneSimulator.Build.0 = Debug|Any CPU
		{DC119A1D-161F-439E-9E7B-40CF0D3741B7}.Release|iPhoneSimulator.ActiveCfg = Release|Any CPU
		{DC119A1D-161F-439E-9E7B-40CF0D3741B7}.Release|iPhoneSimulator.Build.0 = Release|Any CPU
		{DC119A1D-161F-439E-9E7B-40CF0D3741B7}.Debug|iPhone.ActiveCfg = Debug|Any CPU
		{DC119A1D-161F-439E-9E7B-40CF0D3741B7}.Debug|iPhone.Build.0 = Debug|Any CPU
		{DC119A1D-161F-439E-9E7B-40CF0D3741B7}.Release|iPhone.ActiveCfg = Release|Any CPU
		{DC119A1D-161F-439E-9E7B-40CF0D3741B7}.Release|iPhone.Build.0 = Release|Any CPU
	EndGlobalSection
	GlobalSection(SolutionProperties) = preSolution
		HideSolutionNode = FALSE
	EndGlobalSection
	GlobalSection(ExtensibilityGlobals) = postSolution
		SolutionGuid = {C2859CB8-7F8B-485B-892D-30C24207236E}
	EndGlobalSection
EndGlobal
